
Microsoft Visual Studio Solution File, Format Version 12.00
# Visual Studio Version 17
VisualStudioVersion = 17.5.33530.505
MinimumVisualStudioVersion = 10.0.40219.1
Project("{FAE04EC0-301F-11D3-BF4B-00C04F79EFBC}") = "HIgh-QualityMistakes", "HIgh-QualityMistakes\HIgh-QualityMistakes.csproj", "{73162FC8-C2FD-4931-85E0-0D92DDD02109}"
EndProject
Project("{FAE04EC0-301F-11D3-BF4B-00C04F79EFBC}") = "MissionPrivateImpossible", "MissionPrivateImpossible\MissionPrivateImpossible.csproj", "{C31FA184-A452-44CE-8181-E65A817B9291}"
EndProject
Project("{FAE04EC0-301F-11D3-BF4B-00C04F79EFBC}") = "Collector", "Collector\Collector.csproj", "{044B105D-BE78-4435-94C5-FCAF628A84D7}"
EndProject
Project("{FAE04EC0-301F-11D3-BF4B-00C04F79EFBC}") = "Attributes", "Attributes\Attributes.csproj", "{73F0C738-3BC1-4594-8F23-A4C1797352BA}"
EndProject
Global
	GlobalSection(SolutionConfigurationPlatforms) = preSolution
		Debug|Any CPU = Debug|Any CPU
		Release|Any CPU = Release|Any CPU
	EndGlobalSection
	GlobalSection(ProjectConfigurationPlatforms) = postSolution
		{73162FC8-C2FD-4931-85E0-0D92DDD02109}.Debug|Any CPU.ActiveCfg = Debug|Any CPU
		{73162FC8-C2FD-4931-85E0-0D92DDD02109}.Debug|Any CPU.Build.0 = Debug|Any CPU
		{73162FC8-C2FD-4931-85E0-0D92DDD02109}.Release|Any CPU.ActiveCfg = Release|Any CPU
		{73162FC8-C2FD-4931-85E0-0D92DDD02109}.Release|Any CPU.Build.0 = Release|Any CPU
		{C31FA184-A452-44CE-8181-E65A817B9291}.Debug|Any CPU.ActiveCfg = Debug|Any CPU
		{C31FA184-A452-44CE-8181-E65A817B9291}.Debug|Any CPU.Build.0 = Debug|Any CPU
		{C31FA184-A452-44CE-8181-E65A817B9291}.Release|Any CPU.ActiveCfg = Release|Any CPU
		{C31FA184-A452-44CE-8181-E65A817B9291}.Release|Any CPU.Build.0 = Release|Any CPU
		{044B105D-BE78-4435-94C5-FCAF628A84D7}.Debug|Any CPU.ActiveCfg = Debug|Any CPU
		{044B105D-BE78-4435-94C5-FCAF628A84D7}.Debug|Any CPU.Build.0 = Debug|Any CPU
		{044B105D-BE78-4435-94C5-FCAF628A84D7}.Release|Any CPU.ActiveCfg = Release|Any CPU
		{044B105D-BE78-4435-94C5-FCAF628A84D7}.Release|Any CPU.Build.0 = Release|Any CPU
		{73F0C738-3BC1-4594-8F23-A4C1797352BA}.Debug|Any CPU.ActiveCfg = Debug|Any CPU
		{73F0C738-3BC1-4594-8F23-A4C1797352BA}.Debug|Any CPU.Build.0 = Debug|Any CPU
		{73F0C738-3BC1-4594-8F23-A4C1797352BA}.Release|Any CPU.ActiveCfg = Release|Any CPU
		{73F0C738-3BC1-4594-8F23-A4C1797352BA}.Release|Any CPU.Build.0 = Release|Any CPU
	EndGlobalSection
	GlobalSection(SolutionProperties) = preSolution
		HideSolutionNode = FALSE
	EndGlobalSection
	GlobalSection(ExtensibilityGlobals) = postSolution
		SolutionGuid = {75793E7B-69CF-4012-BAFD-3045F681FB54}
	EndGlobalSection
EndGlobal
